
Microsoft Visual Studio Solution File, Format Version 12.00
# Visual Studio Version 16
VisualStudioVersion = 16.0.31005.135
MinimumVisualStudioVersion = 10.0.40219.1
Project("{2150E333-8FDC-42A3-9474-1A3956D46DE8}") = "DataAccess", "DataAccess", "{5434666C-F3B2-44CA-86C0-A435AABB37F2}"
EndProject
Project("{FAE04EC0-301F-11D3-BF4B-00C04F79EFBC}") = "SMJ.DataAccess", "SMJ.DataAccess\SMJ.DataAccess.csproj", "{5764CDEF-7253-4C2D-A295-751831C1F8B0}"
EndProject
Project("{2150E333-8FDC-42A3-9474-1A3956D46DE8}") = "Service", "Service", "{8D979642-915B-46BE-BAC4-674757BF4FAF}"
EndProject
Project("{FAE04EC0-301F-11D3-BF4B-00C04F79EFBC}") = "SMJ.Service", "SMJ.Service\SMJ.Service.csproj", "{FFB9A3FE-81B3-4301-BBC7-57BE974A9035}"
EndProject
Project("{2150E333-8FDC-42A3-9474-1A3956D46DE8}") = "Model", "Model", "{96D91A89-9F71-41F1-B5FC-245021CFD8DB}"
EndProject
Project("{FAE04EC0-301F-11D3-BF4B-00C04F79EFBC}") = "SMJ.Model", "SMJ.Model\SMJ.Model.csproj", "{BCB3CA6F-CE01-4FA8-9177-4F7C67602E18}"
EndProject
Project("{2150E333-8FDC-42A3-9474-1A3956D46DE8}") = "Job", "Job", "{56A66F5F-7939-4EC2-A982-CCF969347CFF}"
EndProject
Project("{FAE04EC0-301F-11D3-BF4B-00C04F79EFBC}") = "SMJ.DailyQuotesJob", "SMJ.DailyQuotesJob\SMJ.DailyQuotesJob.csproj", "{397F32E3-271E-4545-9AB1-59708764B17D}"
EndProject
Project("{FAE04EC0-301F-11D3-BF4B-00C04F79EFBC}") = "SMJ.StockMarketJob", "SMJ.StockMarketJob\SMJ.StockMarketJob.csproj", "{BBC80C9B-A581-4EAA-8B62-919A13CD3370}"
EndProject
Global
	GlobalSection(SolutionConfigurationPlatforms) = preSolution
		Debug|Any CPU = Debug|Any CPU
		Release|Any CPU = Release|Any CPU
	EndGlobalSection
	GlobalSection(ProjectConfigurationPlatforms) = postSolution
		{5764CDEF-7253-4C2D-A295-751831C1F8B0}.Debug|Any CPU.ActiveCfg = Debug|Any CPU
		{5764CDEF-7253-4C2D-A295-751831C1F8B0}.Debug|Any CPU.Build.0 = Debug|Any CPU
		{5764CDEF-7253-4C2D-A295-751831C1F8B0}.Release|Any CPU.ActiveCfg = Release|Any CPU
		{5764CDEF-7253-4C2D-A295-751831C1F8B0}.Release|Any CPU.Build.0 = Release|Any CPU
		{FFB9A3FE-81B3-4301-BBC7-57BE974A9035}.Debug|Any CPU.ActiveCfg = Debug|Any CPU
		{FFB9A3FE-81B3-4301-BBC7-57BE974A9035}.Debug|Any CPU.Build.0 = Debug|Any CPU
		{FFB9A3FE-81B3-4301-BBC7-57BE974A9035}.Release|Any CPU.ActiveCfg = Release|Any CPU
		{FFB9A3FE-81B3-4301-BBC7-57BE974A9035}.Release|Any CPU.Build.0 = Release|Any CPU
		{BCB3CA6F-CE01-4FA8-9177-4F7C67602E18}.Debug|Any CPU.ActiveCfg = Debug|Any CPU
		{BCB3CA6F-CE01-4FA8-9177-4F7C67602E18}.Debug|Any CPU.Build.0 = Debug|Any CPU
		{BCB3CA6F-CE01-4FA8-9177-4F7C67602E18}.Release|Any CPU.ActiveCfg = Release|Any CPU
		{BCB3CA6F-CE01-4FA8-9177-4F7C67602E18}.Release|Any CPU.Build.0 = Release|Any CPU
		{397F32E3-271E-4545-9AB1-59708764B17D}.Debug|Any CPU.ActiveCfg = Debug|Any CPU
		{397F32E3-271E-4545-9AB1-59708764B17D}.Debug|Any CPU.Build.0 = Debug|Any CPU
		{397F32E3-271E-4545-9AB1-59708764B17D}.Release|Any CPU.ActiveCfg = Release|Any CPU
		{397F32E3-271E-4545-9AB1-59708764B17D}.Release|Any CPU.Build.0 = Release|Any CPU
		{BBC80C9B-A581-4EAA-8B62-919A13CD3370}.Debug|Any CPU.ActiveCfg = Debug|Any CPU
		{BBC80C9B-A581-4EAA-8B62-919A13CD3370}.Debug|Any CPU.Build.0 = Debug|Any CPU
		{BBC80C9B-A581-4EAA-8B62-919A13CD3370}.Release|Any CPU.ActiveCfg = Release|Any CPU
		{BBC80C9B-A581-4EAA-8B62-919A13CD3370}.Release|Any CPU.Build.0 = Release|Any CPU
	EndGlobalSection
	GlobalSection(SolutionProperties) = preSolution
		HideSolutionNode = FALSE
	EndGlobalSection
	GlobalSection(NestedProjects) = preSolution
		{5764CDEF-7253-4C2D-A295-751831C1F8B0} = {5434666C-F3B2-44CA-86C0-A435AABB37F2}
		{FFB9A3FE-81B3-4301-BBC7-57BE974A9035} = {8D979642-915B-46BE-BAC4-674757BF4FAF}
		{BCB3CA6F-CE01-4FA8-9177-4F7C67602E18} = {96D91A89-9F71-41F1-B5FC-245021CFD8DB}
		{397F32E3-271E-4545-9AB1-59708764B17D} = {56A66F5F-7939-4EC2-A982-CCF969347CFF}
		{BBC80C9B-A581-4EAA-8B62-919A13CD3370} = {56A66F5F-7939-4EC2-A982-CCF969347CFF}
	EndGlobalSection
	GlobalSection(ExtensibilityGlobals) = postSolution
		SolutionGuid = {10331531-16A5-4C38-ABB0-F32522EAA68E}
	EndGlobalSection
EndGlobal
